
Microsoft Visual Studio Solution File, Format Version 12.00
# Visual Studio 15
VisualStudioVersion = 15.0.28307.757
MinimumVisualStudioVersion = 10.0.40219.1
Project("{FAE04EC0-301F-11D3-BF4B-00C04F79EFBC}") = "Boruto-Junkies", "Boruto-Junkies\Boruto-Junkies.csproj", "{3C5E7CE5-BCFC-44B1-A9F9-84FEDC95AC66}"
EndProject
Global
	GlobalSection(SolutionConfigurationPlatforms) = preSolution
		Debug|Any CPU = Debug|Any CPU
		Release|Any CPU = Release|Any CPU
	EndGlobalSection
	GlobalSection(ProjectConfigurationPlatforms) = postSolution
		{3C5E7CE5-BCFC-44B1-A9F9-84FEDC95AC66}.Debug|Any CPU.ActiveCfg = Debug|Any CPU
		{3C5E7CE5-BCFC-44B1-A9F9-84FEDC95AC66}.Debug|Any CPU.Build.0 = Debug|Any CPU
		{3C5E7CE5-BCFC-44B1-A9F9-84FEDC95AC66}.Release|Any CPU.ActiveCfg = Release|Any CPU
		{3C5E7CE5-BCFC-44B1-A9F9-84FEDC95AC66}.Release|Any CPU.Build.0 = Release|Any CPU
	EndGlobalSection
	GlobalSection(SolutionProperties) = preSolution
		HideSolutionNode = FALSE
	EndGlobalSection
	GlobalSection(ExtensibilityGlobals) = postSolution
		SolutionGuid = {DA84F404-67BB-46A1-AD51-48878D9F9A26}
	EndGlobalSection
EndGlobal
